{
  "version": "4",
  "specifiers": {
    "jsr:@std/assert@*": "1.0.7",
    "jsr:@std/assert@^1.0.7": "1.0.7",
    "jsr:@std/bytes@^1.0.3": "1.0.3",
    "jsr:@std/csv@*": "1.0.3",
    "jsr:@std/expect@*": "1.0.7",
    "jsr:@std/internal@^1.0.5": "1.0.5",
    "jsr:@std/streams@^1.0.4": "1.0.8",
    "jsr:@supabase/functions-js@*": "2.4.3",
    "npm:openai@^4.52.5": "4.71.1"
  },
  "jsr": {
    "@std/assert@1.0.7": {
      "integrity": "64ce9fac879e0b9f3042a89b3c3f8ccfc9c984391af19e2087513a79d73e28c3",
      "dependencies": [
        "jsr:@std/internal"
      ]
    },
    "@std/bytes@1.0.3": {
      "integrity": "e5d5b9e685966314e4edb4be60dfc4bd7624a075bfd4ec8109252b4320f76452"
    },
    "@std/csv@1.0.3": {
      "integrity": "623acf0dcb88d62ba727c3611ad005df7f109ede8cac833e3986f540744562e5",
      "dependencies": [
        "jsr:@std/streams"
      ]
    },
    "@std/expect@1.0.7": {
      "integrity": "3904afa77cfe5c45dd2cd2c476e6fc5b6f57103d712890f0783d74c19d4b05a9",
      "dependencies": [
        "jsr:@std/assert@^1.0.7",
        "jsr:@std/internal"
      ]
    },
    "@std/internal@1.0.5": {
      "integrity": "54a546004f769c1ac9e025abd15a76b6671ddc9687e2313b67376125650dc7ba"
    },
    "@std/streams@1.0.8": {
      "integrity": "b41332d93d2cf6a82fe4ac2153b930adf1a859392931e2a19d9fabfb6f154fb3",
      "dependencies": [
        "jsr:@std/bytes"
      ]
    },
    "@supabase/functions-js@2.4.3": {
      "integrity": "010834c9e7d2996b4be8e4004a15ed8f42b326490e4b354683f9c191353b76cc",
      "dependencies": [
        "npm:openai"
      ]
    }
  },
  "npm": {
    "@types/node-fetch@2.6.11": {
      "integrity": "sha512-24xFj9R5+rfQJLRyM56qh+wnVSYhyXC2tkoBndtY0U+vubqNsYXGjufB2nn8Q6gt0LrARwL6UBtMCSVCwl4B1g==",
      "dependencies": [
        "@types/node@22.5.4",
        "form-data"
      ]
    },
    "@types/node@18.19.55": {
      "integrity": "sha512-zzw5Vw52205Zr/nmErSEkN5FLqXPuKX/k5d1D7RKHATGqU7y6YfX9QxZraUzUrFGqH6XzOzG196BC35ltJC4Cw==",
      "dependencies": [
        "undici-types@5.26.5"
      ]
    },
    "@types/node@22.5.4": {
      "integrity": "sha512-FDuKUJQm/ju9fT/SeX/6+gBzoPzlVCzfzmGkwKvRHQVxi4BntVbyIwf6a4Xn62mrvndLiml6z/UBXIdEVjQLXg==",
      "dependencies": [
        "undici-types@6.19.8"
      ]
    },
    "abort-controller@3.0.0": {
      "integrity": "sha512-h8lQ8tacZYnR3vNQTgibj+tODHI5/+l06Au2Pcriv/Gmet0eaj4TwWH41sO9wnHDiQsEj19q0drzdWdeAHtweg==",
      "dependencies": [
        "event-target-shim"
      ]
    },
    "agentkeepalive@4.5.0": {
      "integrity": "sha512-5GG/5IbQQpC9FpkRGsSvZI5QYeSCzlJHdpBQntCsuTOxhKD8lqKhrleg2Yi7yvMIf82Ycmmqln9U8V9qwEiJew==",
      "dependencies": [
        "humanize-ms"
      ]
    },
    "asynckit@0.4.0": {
      "integrity": "sha512-Oei9OH4tRh0YqU3GxhX79dM/mwVgvbZJaSNaRk+bshkj0S5cfHcgYakreBjrHwatXKbz+IoIdYLxrKim2MjW0Q=="
    },
    "combined-stream@1.0.8": {
      "integrity": "sha512-FQN4MRfuJeHf7cBbBMJFXhKSDq+2kAArBlmRBvcvFE5BB1HZKXtSFASDhdlz9zOYwxh8lDdnvmMOe/+5cdoEdg==",
      "dependencies": [
        "delayed-stream"
      ]
    },
    "delayed-stream@1.0.0": {
      "integrity": "sha512-ZySD7Nf91aLB0RxL4KGrKHBXl7Eds1DAmEdcoVawXnLD7SDhpNgtuII2aAkg7a7QS41jxPSZ17p4VdGnMHk3MQ=="
    },
    "event-target-shim@5.0.1": {
      "integrity": "sha512-i/2XbnSz/uxRCU6+NdVJgKWDTM427+MqYbkQzD321DuCQJUqOuJKIA0IM2+W2xtYHdKOmZ4dR6fExsd4SXL+WQ=="
    },
    "form-data-encoder@1.7.2": {
      "integrity": "sha512-qfqtYan3rxrnCk1VYaA4H+Ms9xdpPqvLZa6xmMgFvhO32x7/3J/ExcTd6qpxM0vH2GdMI+poehyBZvqfMTto8A=="
    },
    "form-data@4.0.1": {
      "integrity": "sha512-tzN8e4TX8+kkxGPK8D5u0FNmjPUjw3lwC9lSLxxoB/+GtsJG91CO8bSWy73APlgAZzZbXEYZJuxjkHH2w+Ezhw==",
      "dependencies": [
        "asynckit",
        "combined-stream",
        "mime-types"
      ]
    },
    "formdata-node@4.4.1": {
      "integrity": "sha512-0iirZp3uVDjVGt9p49aTaqjk84TrglENEDuqfdlZQ1roC9CWlPk6Avf8EEnZNcAqPonwkG35x4n3ww/1THYAeQ==",
      "dependencies": [
        "node-domexception",
        "web-streams-polyfill"
      ]
    },
    "humanize-ms@1.2.1": {
      "integrity": "sha512-Fl70vYtsAFb/C06PTS9dZBo7ihau+Tu/DNCk/OyHhea07S+aeMWpFFkUaXRa8fI+ScZbEI8dfSxwY7gxZ9SAVQ==",
      "dependencies": [
        "ms"
      ]
    },
    "mime-db@1.52.0": {
      "integrity": "sha512-sPU4uV7dYlvtWJxwwxHD0PuihVNiE7TyAbQ5SWxDCB9mUYvOgroQOwYQQOKPJ8CIbE+1ETVlOoK1UC2nU3gYvg=="
    },
    "mime-types@2.1.35": {
      "integrity": "sha512-ZDY+bPm5zTTF+YpCrAU9nK0UgICYPT0QtT1NZWFv4s++TNkcgVaT0g6+4R2uI4MjQjzysHB1zxuWL50hzaeXiw==",
      "dependencies": [
        "mime-db"
      ]
    },
    "ms@2.1.3": {
      "integrity": "sha512-6FlzubTLZG3J2a/NVCAleEhjzq5oxgHyaCU9yYXvcLsvoVaHJq/s5xXI6/XXP6tz7R9xAOtHnSO/tXtF3WRTlA=="
    },
    "node-domexception@1.0.0": {
      "integrity": "sha512-/jKZoMpw0F8GRwl4/eLROPA3cfcXtLApP0QzLmUT/HuPCZWyB7IY9ZrMeKw2O/nFIqPQB3PVM9aYm0F312AXDQ=="
    },
    "node-fetch@2.7.0": {
      "integrity": "sha512-c4FRfUm/dbcWZ7U+1Wq0AwCyFL+3nt2bEw05wfxSz+DWpWsitgmSgYmy2dQdWyKC1694ELPqMs/YzUSNozLt8A==",
      "dependencies": [
        "whatwg-url"
      ]
    },
    "openai@4.71.1": {
      "integrity": "sha512-C6JNMaQ1eijM0lrjiRUL3MgThVP5RdwNAghpbJFdW0t11LzmyqON8Eh8MuUuEZ+CeD6bgYl2Fkn2BoptVxv9Ug==",
      "dependencies": [
        "@types/node@18.19.55",
        "@types/node-fetch",
        "abort-controller",
        "agentkeepalive",
        "form-data-encoder",
        "formdata-node",
        "node-fetch"
      ]
    },
    "tr46@0.0.3": {
      "integrity": "sha512-N3WMsuqV66lT30CrXNbEjx4GEwlow3v6rr4mCcv6prnfwhS01rkgyFdjPNBYd9br7LpXV1+Emh01fHnq2Gdgrw=="
    },
    "undici-types@5.26.5": {
      "integrity": "sha512-JlCMO+ehdEIKqlFxk6IfVoAUVmgz7cU7zD/h9XZ0qzeosSHmUJVOzSQvvYSYWXkFXC+IfLKSIffhv0sVZup6pA=="
    },
    "undici-types@6.19.8": {
      "integrity": "sha512-ve2KP6f/JnbPBFyobGHuerC9g1FYGn/F8n1LWTwNxCEzd6IfqTwUQcNXgEtmmQ6DlRrC1hrSrBnCZPokRrDHjw=="
    },
    "web-streams-polyfill@4.0.0-beta.3": {
      "integrity": "sha512-QW95TCTaHmsYfHDybGMwO5IJIM93I/6vTRk+daHTWFPhwh+C8Cg7j7XyKrwrj8Ib6vYXe0ocYNrmzY4xAAN6ug=="
    },
    "webidl-conversions@3.0.1": {
      "integrity": "sha512-2JAn3z8AR6rjK8Sm8orRC0h/bcl/DqL7tRPdGZ4I1CjdF+EaMLmYxBHyXuKL849eucPFhvBoxMsflfOb8kxaeQ=="
    },
    "whatwg-url@5.0.0": {
      "integrity": "sha512-saE57nupxk6v3HY35+jzBwYa0rKSy0XR8JSxZPwgLr7ys0IBzhGviA1/TUGJLmSVqs8pb9AnvICXEuOHLprYTw==",
      "dependencies": [
        "tr46",
        "webidl-conversions"
      ]
    }
  },
  "remote": {
    "https://cdn.skypack.dev/-/debug@v4.3.4-o4liVvMlOnQWbLSYZMXw/dist=es2019,mode=imports/optimized/debug.js": "671100993996e39b501301a87000607916d4d2d9f8fc8e9c5200ae5ba64a1389",
    "https://cdn.skypack.dev/-/ms@v2.1.2-giBDZ1IA5lmQ3ZXaa87V/dist=es2019,mode=imports/optimized/ms.js": "fd88e2d51900437011f1ad232f3393ce97db1b87a7844b3c58dd6d65562c1276",
    "https://cdn.skypack.dev/debug@4.3.4": "7b1d010cc930f71b940ba5941da055bc181115229e29de7214bdb4425c68ea76",
    "https://deno.land/std@0.136.0/_util/assert.ts": "e94f2eb37cebd7f199952e242c77654e43333c1ac4c5c700e929ea3aa5489f74",
    "https://deno.land/std@0.136.0/_util/os.ts": "49b92edea1e82ba295ec946de8ffd956ed123e2948d9bd1d3e901b04e4307617",
    "https://deno.land/std@0.136.0/async/deferred.ts": "bc18e28108252c9f67dfca2bbc4587c3cbf3aeb6e155f8c864ca8ecff992b98a",
    "https://deno.land/std@0.136.0/bytes/bytes_list.ts": "67eb118e0b7891d2f389dad4add35856f4ad5faab46318ff99653456c23b025d",
    "https://deno.land/std@0.136.0/bytes/equals.ts": "a60ef9f01fb6e06a4e0343fc44d53d39d12dd66bc3f09ac8e6eb9cc1a6335e48",
    "https://deno.land/std@0.136.0/bytes/mod.ts": "4cef6fe8f0de217b9babbcbb0a566402b667f18a8e6d094a45e5fb3fc1afff70",
    "https://deno.land/std@0.136.0/io/buffer.ts": "bd0c4bf53db4b4be916ca5963e454bddfd3fcd45039041ea161dbf826817822b",
    "https://deno.land/std@0.136.0/path/_constants.ts": "df1db3ffa6dd6d1252cc9617e5d72165cd2483df90e93833e13580687b6083c3",
    "https://deno.land/std@0.136.0/path/_interface.ts": "ee3b431a336b80cf445441109d089b70d87d5e248f4f90ff906820889ecf8d09",
    "https://deno.land/std@0.136.0/path/_util.ts": "c1e9686d0164e29f7d880b2158971d805b6e0efc3110d0b3e24e4b8af2190d2b",
    "https://deno.land/std@0.136.0/path/common.ts": "bee563630abd2d97f99d83c96c2fa0cca7cee103e8cb4e7699ec4d5db7bd2633",
    "https://deno.land/std@0.136.0/path/glob.ts": "cb5255638de1048973c3e69e420c77dc04f75755524cb3b2e160fe9277d939ee",
    "https://deno.land/std@0.136.0/path/mod.ts": "4275129bb766f0e475ecc5246aa35689eeade419d72a48355203f31802640be7",
    "https://deno.land/std@0.136.0/path/posix.ts": "293cdaec3ecccec0a9cc2b534302dfe308adb6f10861fa183275d6695faace44",
    "https://deno.land/std@0.136.0/path/separator.ts": "fe1816cb765a8068afb3e8f13ad272351c85cbc739af56dacfc7d93d710fe0f9",
    "https://deno.land/std@0.136.0/path/win32.ts": "31811536855e19ba37a999cd8d1b62078235548d67902ece4aa6b814596dd757",
    "https://deno.land/std@0.136.0/streams/buffer.ts": "ee47194022d47fa23d4749b8afbadc83c237c4595467a9bddb322af0dd205815",
    "https://deno.land/std@0.136.0/streams/conversion.ts": "712585bfa0172a97fb68dd46e784ae8ad59d11b88079d6a4ab098ff42e697d21",
    "https://deno.land/std@0.136.0/streams/delimiter.ts": "75595345f14eb268d2f5edfd20600c9956f61499a36697baabef8043897bc50b",
    "https://deno.land/std@0.136.0/streams/merge.ts": "89faf7dcda7e010f1e01dfc555d609c66d9fb2c834b7aa457a63cc70a25c3817",
    "https://deno.land/std@0.136.0/streams/mod.ts": "5f47811c2e983518cc0c82f323924b6a9bb1f5bf948cd6d498ff6aed77ada51c",
    "https://deno.land/x/grammy@v1.8.3/bot.ts": "430a6dddeb0b6e016e5f46d5422f77415601960de461d1b8c8bc1db61fe1d635",
    "https://deno.land/x/grammy@v1.8.3/composer.ts": "355a140a29e20ba95310cc268779e42c17f8835e10935c3a49b5d055494c4a47",
    "https://deno.land/x/grammy@v1.8.3/context.ts": "3ca15397e5aaf3f98a0b90a18e6618f735f412e93b01728175e186f7b63084f4",
    "https://deno.land/x/grammy@v1.8.3/convenience/frameworks.deno.ts": "aa4e1df1dd5c610e900ff3779f0b320e6e688cd067900f71c000c34138ff023c",
    "https://deno.land/x/grammy@v1.8.3/convenience/keyboard.ts": "f7a123f84a728ce3d0dd4a6cf4e918c7660695aedccc3d5570cba8d0c3cc5332",
    "https://deno.land/x/grammy@v1.8.3/convenience/session.ts": "2db5b20c63429b2ddc568fa94d1e9b11f02381cf8d66abbcb0a9fd75caddf5c6",
    "https://deno.land/x/grammy@v1.8.3/convenience/webhook.ts": "deef004922d1ce5523f665e99a651b52f9f5e5fca2a4054b90e13bc1047204d5",
    "https://deno.land/x/grammy@v1.8.3/core/api.ts": "7cb78ffe6edafc9f0303ba66841a0e231e6f6ace0b184ac2cf39f289afe3432d",
    "https://deno.land/x/grammy@v1.8.3/core/client.ts": "fa743eeeac246c99736398d923c9aedeb610a638a3065ad7ab8db3e7298a708c",
    "https://deno.land/x/grammy@v1.8.3/core/error.ts": "7d610d12a2e4055ec11b5d167dd3bf3c3580049f2defe54951745d33643f2474",
    "https://deno.land/x/grammy@v1.8.3/core/payload.ts": "e0055efefddec15e713d9b1d2b107293d8f084a3d8084870ff6d9ce19b7bdea8",
    "https://deno.land/x/grammy@v1.8.3/filter.ts": "e3f3dd59e44765c5f67e03d863ba8abfea730717b2cc5b122737874ed45aa8da",
    "https://deno.land/x/grammy@v1.8.3/mod.ts": "31d8dc2b34a990c05199348245c4ef441277627e3661be8c448bf92502021a33",
    "https://deno.land/x/grammy@v1.8.3/platform.deno.ts": "a4ac34f1ec6a9cb2c58d08d5ebda603642a51616039d8f021ee76019742c2903",
    "https://esm.sh/@grammyjs/types@v2.7.0": "4ba5a7d1baf44f19a0733407031ff7a0e3b4ace5472a8b444088b582aafbbfd9",
    "https://esm.sh/v135/@grammyjs/types@2.7.0/denonext/types.mjs": "d2fed852880256fbe44e6c167b472e75fc8e16061c7527d27aaf263097831351"
  }
}
